
Microsoft Visual Studio Solution File, Format Version 12.00
# Visual Studio Version 17
VisualStudioVersion = 17.6.33723.286
MinimumVisualStudioVersion = 10.0.40219.1
Project("{FAE04EC0-301F-11D3-BF4B-00C04F79EFBC}") = "programme_collections", "programme_collections\programme_collections.csproj", "{7E887D05-3DE3-4BA1-BEC3-C63AC174DCFC}"
EndProject
Global
	GlobalSection(SolutionConfigurationPlatforms) = preSolution
		Debug|Any CPU = Debug|Any CPU
		Release|Any CPU = Release|Any CPU
	EndGlobalSection
	GlobalSection(ProjectConfigurationPlatforms) = postSolution
		{7E887D05-3DE3-4BA1-BEC3-C63AC174DCFC}.Debug|Any CPU.ActiveCfg = Debug|Any CPU
		{7E887D05-3DE3-4BA1-BEC3-C63AC174DCFC}.Debug|Any CPU.Build.0 = Debug|Any CPU
		{7E887D05-3DE3-4BA1-BEC3-C63AC174DCFC}.Release|Any CPU.ActiveCfg = Release|Any CPU
		{7E887D05-3DE3-4BA1-BEC3-C63AC174DCFC}.Release|Any CPU.Build.0 = Release|Any CPU
	EndGlobalSection
	GlobalSection(SolutionProperties) = preSolution
		HideSolutionNode = FALSE
	EndGlobalSection
	GlobalSection(ExtensibilityGlobals) = postSolution
		SolutionGuid = {0D759638-93A2-4267-A72E-86ED4EAF61F0}
	EndGlobalSection
EndGlobal
